// !$*UTF8*$!
{
	archiveVersion = 1;
	classes = {
	};
	objectVersion = 50;
	objects = {

/* Begin PBXBuildFile section */
		72F342A625D2666F00511D8B /* Tests_iOS.swift in Sources */ = {isa = PBXBuildFile; fileRef = 72F342A525D2666F00511D8B /* Tests_iOS.swift */; };
		72F342B125D2666F00511D8B /* Tests_macOS.swift in Sources */ = {isa = PBXBuildFile; fileRef = 72F342B025D2666F00511D8B /* Tests_macOS.swift */; };
		72F342B325D2666F00511D8B /* HypedList.xcdatamodeld in Sources */ = {isa = PBXBuildFile; fileRef = 72F3428725D2666000511D8B /* HypedList.xcdatamodeld */; };
		72F342B425D2666F00511D8B /* HypedList.xcdatamodeld in Sources */ = {isa = PBXBuildFile; fileRef = 72F3428725D2666000511D8B /* HypedList.xcdatamodeld */; };
		72F342B525D2666F00511D8B /* HypedListApp.swift in Sources */ = {isa = PBXBuildFile; fileRef = 72F3428925D2666000511D8B /* HypedListApp.swift */; };
		72F342B625D2666F00511D8B /* HypedListApp.swift in Sources */ = {isa = PBXBuildFile; fileRef = 72F3428925D2666000511D8B /* HypedListApp.swift */; };
		72F342B725D2666F00511D8B /* ContentView.swift in Sources */ = {isa = PBXBuildFile; fileRef = 72F3428A25D2666000511D8B /* ContentView.swift */; };
		72F342B825D2666F00511D8B /* ContentView.swift in Sources */ = {isa = PBXBuildFile; fileRef = 72F3428A25D2666000511D8B /* ContentView.swift */; };
		72F342B925D2666F00511D8B /* Persistence.swift in Sources */ = {isa = PBXBuildFile; fileRef = 72F3428B25D2666000511D8B /* Persistence.swift */; };
		72F342BA25D2666F00511D8B /* Persistence.swift in Sources */ = {isa = PBXBuildFile; fileRef = 72F3428B25D2666000511D8B /* Persistence.swift */; };
		72F342BB25D2666F00511D8B /* Assets.xcassets in Resources */ = {isa = PBXBuildFile; fileRef = 72F3428C25D2666F00511D8B /* Assets.xcassets */; };
		72F342BC25D2666F00511D8B /* Assets.xcassets in Resources */ = {isa = PBXBuildFile; fileRef = 72F3428C25D2666F00511D8B /* Assets.xcassets */; };
		72F342D025D2678200511D8B /* README.md in Resources */ = {isa = PBXBuildFile; fileRef = 72F342CF25D2678200511D8B /* README.md */; };
		72F342D125D2678200511D8B /* README.md in Resources */ = {isa = PBXBuildFile; fileRef = 72F342CF25D2678200511D8B /* README.md */; };
		72F342D225D2678200511D8B /* README.md in Resources */ = {isa = PBXBuildFile; fileRef = 72F342CF25D2678200511D8B /* README.md */; };
		72F342D325D2678200511D8B /* README.md in Resources */ = {isa = PBXBuildFile; fileRef = 72F342CF25D2678200511D8B /* README.md */; };
		72F342EF25D26F5E00511D8B /* HypedListTabView.swift in Sources */ = {isa = PBXBuildFile; fileRef = 72F342EE25D26F5E00511D8B /* HypedListTabView.swift */; };
		72F342F025D26F5E00511D8B /* HypedListTabView.swift in Sources */ = {isa = PBXBuildFile; fileRef = 72F342EE25D26F5E00511D8B /* HypedListTabView.swift */; };
		72F342F125D26F5E00511D8B /* HypedListTabView.swift in Sources */ = {isa = PBXBuildFile; fileRef = 72F342EE25D26F5E00511D8B /* HypedListTabView.swift */; };
		72F342F225D26F5E00511D8B /* HypedListTabView.swift in Sources */ = {isa = PBXBuildFile; fileRef = 72F342EE25D26F5E00511D8B /* HypedListTabView.swift */; };
		72F3430925D2738000511D8B /* img-0.jpg in Resources */ = {isa = PBXBuildFile; fileRef = 72F3430825D2737F00511D8B /* img-0.jpg */; };
		72F3430A25D2738000511D8B /* img-0.jpg in Resources */ = {isa = PBXBuildFile; fileRef = 72F3430825D2737F00511D8B /* img-0.jpg */; };
		72F3430B25D2738000511D8B /* img-0.jpg in Resources */ = {isa = PBXBuildFile; fileRef = 72F3430825D2737F00511D8B /* img-0.jpg */; };
		72F3430C25D2738000511D8B /* img-0.jpg in Resources */ = {isa = PBXBuildFile; fileRef = 72F3430825D2737F00511D8B /* img-0.jpg */; };
/* End PBXBuildFile section */

/* Begin PBXContainerItemProxy section */
		72F342A225D2666F00511D8B /* PBXContainerItemProxy */ = {
			isa = PBXContainerItemProxy;
			containerPortal = 72F3428225D2666000511D8B /* Project object */;
			proxyType = 1;
			remoteGlobalIDString = 72F3429025D2666F00511D8B;
			remoteInfo = "HypedList (iOS)";
		};
		72F342AD25D2666F00511D8B /* PBXContainerItemProxy */ = {
			isa = PBXContainerItemProxy;
			containerPortal = 72F3428225D2666000511D8B /* Project object */;
			proxyType = 1;
			remoteGlobalIDString = 72F3429825D2666F00511D8B;
			remoteInfo = "HypedList (macOS)";
		};
/* End PBXContainerItemProxy section */

/* Begin PBXFileReference section */
		72F3428825D2666000511D8B /* Shared.xcdatamodel */ = {isa = PBXFileReference; lastKnownFileType = wrapper.xcdatamodel; path = Shared.xcdatamodel; sourceTree = "<group>"; };
		72F3428925D2666000511D8B /* HypedListApp.swift */ = {isa = PBXFileReference; lastKnownFileType = sourcecode.swift; path = HypedListApp.swift; sourceTree = "<group>"; };
		72F3428A25D2666000511D8B /* ContentView.swift */ = {isa = PBXFileReference; lastKnownFileType = sourcecode.swift; path = ContentView.swift; sourceTree = "<group>"; };
		72F3428B25D2666000511D8B /* Persistence.swift */ = {isa = PBXFileReference; lastKnownFileType = sourcecode.swift; path = Persistence.swift; sourceTree = "<group>"; };
		72F3428C25D2666F00511D8B /* Assets.xcassets */ = {isa = PBXFileReference; lastKnownFileType = folder.assetcatalog; path = Assets.xcassets; sourceTree = "<group>"; };
		72F3429125D2666F00511D8B /* HypedList.app */ = {isa = PBXFileReference; explicitFileType = wrapper.application; includeInIndex = 0; path = HypedList.app; sourceTree = BUILT_PRODUCTS_DIR; };
		72F3429425D2666F00511D8B /* Info.plist */ = {isa = PBXFileReference; lastKnownFileType = text.plist.xml; path = Info.plist; sourceTree = "<group>"; };
		72F3429925D2666F00511D8B /* HypedList.app */ = {isa = PBXFileReference; explicitFileType = wrapper.application; includeInIndex = 0; path = HypedList.app; sourceTree = BUILT_PRODUCTS_DIR; };
		72F3429B25D2666F00511D8B /* Info.plist */ = {isa = PBXFileReference; lastKnownFileType = text.plist.xml; path = Info.plist; sourceTree = "<group>"; };
		72F3429C25D2666F00511D8B /* macOS.entitlements */ = {isa = PBXFileReference; lastKnownFileType = text.plist.entitlements; path = macOS.entitlements; sourceTree = "<group>"; };
		72F342A125D2666F00511D8B /* Tests iOS.xctest */ = {isa = PBXFileReference; explicitFileType = wrapper.cfbundle; includeInIndex = 0; path = "Tests iOS.xctest"; sourceTree = BUILT_PRODUCTS_DIR; };
		72F342A525D2666F00511D8B /* Tests_iOS.swift */ = {isa = PBXFileReference; lastKnownFileType = sourcecode.swift; path = Tests_iOS.swift; sourceTree = "<group>"; };
		72F342A725D2666F00511D8B /* Info.plist */ = {isa = PBXFileReference; lastKnownFileType = text.plist.xml; path = Info.plist; sourceTree = "<group>"; };
		72F342AC25D2666F00511D8B /* Tests macOS.xctest */ = {isa = PBXFileReference; explicitFileType = wrapper.cfbundle; includeInIndex = 0; path = "Tests macOS.xctest"; sourceTree = BUILT_PRODUCTS_DIR; };
		72F342B025D2666F00511D8B /* Tests_macOS.swift */ = {isa = PBXFileReference; lastKnownFileType = sourcecode.swift; path = Tests_macOS.swift; sourceTree = "<group>"; };
		72F342B225D2666F00511D8B /* Info.plist */ = {isa = PBXFileReference; lastKnownFileType = text.plist.xml; path = Info.plist; sourceTree = "<group>"; };
		72F342CF25D2678200511D8B /* README.md */ = {isa = PBXFileReference; lastKnownFileType = net.daringfireball.markdown; path = README.md; sourceTree = "<group>"; };
		72F342EE25D26F5E00511D8B /* HypedListTabView.swift */ = {isa = PBXFileReference; lastKnownFileType = sourcecode.swift; path = HypedListTabView.swift; sourceTree = "<group>"; };
		72F3430825D2737F00511D8B /* img-0.jpg */ = {isa = PBXFileReference; lastKnownFileType = image.jpeg; path = "img-0.jpg"; sourceTree = "<group>"; };
/* End PBXFileReference section */

/* Begin PBXFrameworksBuildPhase section */
		72F3428E25D2666F00511D8B /* Frameworks */ = {
			isa = PBXFrameworksBuildPhase;
			buildActionMask = 2147483647;
			files = (
			);
			runOnlyForDeploymentPostprocessing = 0;
		};
		72F3429625D2666F00511D8B /* Frameworks */ = {
			isa = PBXFrameworksBuildPhase;
			buildActionMask = 2147483647;
			files = (
			);
			runOnlyForDeploymentPostprocessing = 0;
		};
		72F3429E25D2666F00511D8B /* Frameworks */ = {
			isa = PBXFrameworksBuildPhase;
			buildActionMask = 2147483647;
			files = (
			);
			runOnlyForDeploymentPostprocessing = 0;
		};
		72F342A925D2666F00511D8B /* Frameworks */ = {
			isa = PBXFrameworksBuildPhase;
			buildActionMask = 2147483647;
			files = (
			);
			runOnlyForDeploymentPostprocessing = 0;
		};
/* End PBXFrameworksBuildPhase section */

/* Begin PBXGroup section */
		72F3428125D2666000511D8B = {
			isa = PBXGroup;
			children = (
				72F342D825D268B700511D8B /* readmeResource */,
				72F342CF25D2678200511D8B /* README.md */,
				72F3428625D2666000511D8B /* Shared */,
				72F3429325D2666F00511D8B /* iOS */,
				72F3429A25D2666F00511D8B /* macOS */,
				72F342A425D2666F00511D8B /* Tests iOS */,
				72F342AF25D2666F00511D8B /* Tests macOS */,
				72F3429225D2666F00511D8B /* Products */,
			);
			sourceTree = "<group>";
		};
		72F3428625D2666000511D8B /* Shared */ = {
			isa = PBXGroup;
			children = (
				72F3428925D2666000511D8B /* HypedListApp.swift */,
				72F3428A25D2666000511D8B /* ContentView.swift */,
				72F3428B25D2666000511D8B /* Persistence.swift */,
				72F3428C25D2666F00511D8B /* Assets.xcassets */,
				72F3428725D2666000511D8B /* HypedList.xcdatamodeld */,
				72F342EE25D26F5E00511D8B /* HypedListTabView.swift */,
			);
			path = Shared;
			sourceTree = "<group>";
		};
		72F3429225D2666F00511D8B /* Products */ = {
			isa = PBXGroup;
			children = (
				72F3429125D2666F00511D8B /* HypedList.app */,
				72F3429925D2666F00511D8B /* HypedList.app */,
				72F342A125D2666F00511D8B /* Tests iOS.xctest */,
				72F342AC25D2666F00511D8B /* Tests macOS.xctest */,
			);
			name = Products;
			sourceTree = "<group>";
		};
		72F3429325D2666F00511D8B /* iOS */ = {
			isa = PBXGroup;
			children = (
				72F3429425D2666F00511D8B /* Info.plist */,
			);
			path = iOS;
			sourceTree = "<group>";
		};
		72F3429A25D2666F00511D8B /* macOS */ = {
			isa = PBXGroup;
			children = (
				72F3429B25D2666F00511D8B /* Info.plist */,
				72F3429C25D2666F00511D8B /* macOS.entitlements */,
			);
			path = macOS;
			sourceTree = "<group>";
		};
		72F342A425D2666F00511D8B /* Tests iOS */ = {
			isa = PBXGroup;
			children = (
				72F342A525D2666F00511D8B /* Tests_iOS.swift */,
				72F342A725D2666F00511D8B /* Info.plist */,
			);
			path = "Tests iOS";
			sourceTree = "<group>";
		};
		72F342AF25D2666F00511D8B /* Tests macOS */ = {
			isa = PBXGroup;
			children = (
				72F342B025D2666F00511D8B /* Tests_macOS.swift */,
				72F342B225D2666F00511D8B /* Info.plist */,
			);
			path = "Tests macOS";
			sourceTree = "<group>";
		};
		72F342D825D268B700511D8B /* readmeResource */ = {
			isa = PBXGroup;
			children = (
				72F3430825D2737F00511D8B /* img-0.jpg */,
			);
			path = readmeResource;
			sourceTree = "<group>";
		};
/* End PBXGroup section */

/* Begin PBXNativeTarget section */
		72F3429025D2666F00511D8B /* HypedList (iOS) */ = {
			isa = PBXNativeTarget;
			buildConfigurationList = 72F342BF25D2666F00511D8B /* Build configuration list for PBXNativeTarget "HypedList (iOS)" */;
			buildPhases = (
				72F3428D25D2666F00511D8B /* Sources */,
				72F3428E25D2666F00511D8B /* Frameworks */,
				72F3428F25D2666F00511D8B /* Resources */,
			);
			buildRules = (
			);
			dependencies = (
			);
			name = "HypedList (iOS)";
			productName = "HypedList (iOS)";
			productReference = 72F3429125D2666F00511D8B /* HypedList.app */;
			productType = "com.apple.product-type.application";
		};
		72F3429825D2666F00511D8B /* HypedList (macOS) */ = {
			isa = PBXNativeTarget;
			buildConfigurationList = 72F342C225D2666F00511D8B /* Build configuration list for PBXNativeTarget "HypedList (macOS)" */;
			buildPhases = (
				72F3429525D2666F00511D8B /* Sources */,
				72F3429625D2666F00511D8B /* Frameworks */,
				72F3429725D2666F00511D8B /* Resources */,
			);
			buildRules = (
			);
			dependencies = (
			);
			name = "HypedList (macOS)";
			productName = "HypedList (macOS)";
			productReference = 72F3429925D2666F00511D8B /* HypedList.app */;
			productType = "com.apple.product-type.application";
		};
		72F342A025D2666F00511D8B /* Tests iOS */ = {
			isa = PBXNativeTarget;
			buildConfigurationList = 72F342C525D2666F00511D8B /* Build configuration list for PBXNativeTarget "Tests iOS" */;
			buildPhases = (
				72F3429D25D2666F00511D8B /* Sources */,
				72F3429E25D2666F00511D8B /* Frameworks */,
				72F3429F25D2666F00511D8B /* Resources */,
			);
			buildRules = (
			);
			dependencies = (
				72F342A325D2666F00511D8B /* PBXTargetDependency */,
			);
			name = "Tests iOS";
			productName = "Tests iOS";
			productReference = 72F342A125D2666F00511D8B /* Tests iOS.xctest */;
			productType = "com.apple.product-type.bundle.ui-testing";
		};
		72F342AB25D2666F00511D8B /* Tests macOS */ = {
			isa = PBXNativeTarget;
			buildConfigurationList = 72F342C825D2666F00511D8B /* Build configuration list for PBXNativeTarget "Tests macOS" */;
			buildPhases = (
				72F342A825D2666F00511D8B /* Sources */,
				72F342A925D2666F00511D8B /* Frameworks */,
				72F342AA25D2666F00511D8B /* Resources */,
			);
			buildRules = (
			);
			dependencies = (
				72F342AE25D2666F00511D8B /* PBXTargetDependency */,
			);
			name = "Tests macOS";
			productName = "Tests macOS";
			productReference = 72F342AC25D2666F00511D8B /* Tests macOS.xctest */;
			productType = "com.apple.product-type.bundle.ui-testing";
		};
/* End PBXNativeTarget section */

/* Begin PBXProject section */
		72F3428225D2666000511D8B /* Project object */ = {
			isa = PBXProject;
			attributes = {
				LastSwiftUpdateCheck = 1240;
				LastUpgradeCheck = 1240;
				TargetAttributes = {
					72F3429025D2666F00511D8B = {
						CreatedOnToolsVersion = 12.4;
					};
					72F3429825D2666F00511D8B = {
						CreatedOnToolsVersion = 12.4;
					};
					72F342A025D2666F00511D8B = {
						CreatedOnToolsVersion = 12.4;
						TestTargetID = 72F3429025D2666F00511D8B;
					};
					72F342AB25D2666F00511D8B = {
						CreatedOnToolsVersion = 12.4;
						TestTargetID = 72F3429825D2666F00511D8B;
					};
				};
			};
			buildConfigurationList = 72F3428525D2666000511D8B /* Build configuration list for PBXProject "HypedList" */;
			compatibilityVersion = "Xcode 9.3";
			developmentRegion = en;
			hasScannedForEncodings = 0;
			knownRegions = (
				en,
				Base,
			);
			mainGroup = 72F3428125D2666000511D8B;
			productRefGroup = 72F3429225D2666F00511D8B /* Products */;
			projectDirPath = "";
			projectRoot = "";
			targets = (
				72F3429025D2666F00511D8B /* HypedList (iOS) */,
				72F3429825D2666F00511D8B /* HypedList (macOS) */,
				72F342A025D2666F00511D8B /* Tests iOS */,
				72F342AB25D2666F00511D8B /* Tests macOS */,
			);
		};
/* End PBXProject section */

/* Begin PBXResourcesBuildPhase section */
		72F3428F25D2666F00511D8B /* Resources */ = {
			isa = PBXResourcesBuildPhase;
			buildActionMask = 2147483647;
			files = (
				72F342D025D2678200511D8B /* README.md in Resources */,
				72F342BB25D2666F00511D8B /* Assets.xcassets in Resources */,
				72F3430925D2738000511D8B /* img-0.jpg in Resources */,
			);
			runOnlyForDeploymentPostprocessing = 0;
		};
		72F3429725D2666F00511D8B /* Resources */ = {
			isa = PBXResourcesBuildPhase;
			buildActionMask = 2147483647;
			files = (
				72F342D125D2678200511D8B /* README.md in Resources */,
				72F342BC25D2666F00511D8B /* Assets.xcassets in Resources */,
				72F3430A25D2738000511D8B /* img-0.jpg in Resources */,
			);
			runOnlyForDeploymentPostprocessing = 0;
		};
		72F3429F25D2666F00511D8B /* Resources */ = {
			isa = PBXResourcesBuildPhase;
			buildActionMask = 2147483647;
			files = (
				72F3430B25D2738000511D8B /* img-0.jpg in Resources */,
				72F342D225D2678200511D8B /* README.md in Resources */,
			);
			runOnlyForDeploymentPostprocessing = 0;
		};
		72F342AA25D2666F00511D8B /* Resources */ = {
			isa = PBXResourcesBuildPhase;
			buildActionMask = 2147483647;
			files = (
				72F3430C25D2738000511D8B /* img-0.jpg in Resources */,
				72F342D325D2678200511D8B /* README.md in Resources */,
			);
			runOnlyForDeploymentPostprocessing = 0;
		};
/* End PBXResourcesBuildPhase section */

/* Begin PBXSourcesBuildPhase section */
		72F3428D25D2666F00511D8B /* Sources */ = {
			isa = PBXSourcesBuildPhase;
			buildActionMask = 2147483647;
			files = (
				72F342B525D2666F00511D8B /* HypedListApp.swift in Sources */,
				72F342B925D2666F00511D8B /* Persistence.swift in Sources */,
				72F342EF25D26F5E00511D8B /* HypedListTabView.swift in Sources */,
				72F342B325D2666F00511D8B /* HypedList.xcdatamodeld in Sources */,
				72F342B725D2666F00511D8B /* ContentView.swift in Sources */,
			);
			runOnlyForDeploymentPostprocessing = 0;
		};
		72F3429525D2666F00511D8B /* Sources */ = {
			isa = PBXSourcesBuildPhase;
			buildActionMask = 2147483647;
			files = (
				72F342B625D2666F00511D8B /* HypedListApp.swift in Sources */,
				72F342BA25D2666F00511D8B /* Persistence.swift in Sources */,
				72F342F025D26F5E00511D8B /* HypedListTabView.swift in Sources */,
				72F342B425D2666F00511D8B /* HypedList.xcdatamodeld in Sources */,
				72F342B825D2666F00511D8B /* ContentView.swift in Sources */,
			);
			runOnlyForDeploymentPostprocessing = 0;
		};
		72F3429D25D2666F00511D8B /* Sources */ = {
			isa = PBXSourcesBuildPhase;
			buildActionMask = 2147483647;
			files = (
				72F342A625D2666F00511D8B /* Tests_iOS.swift in Sources */,
				72F342F125D26F5E00511D8B /* HypedListTabView.swift in Sources */,
			);
			runOnlyForDeploymentPostprocessing = 0;
		};
		72F342A825D2666F00511D8B /* Sources */ = {
			isa = PBXSourcesBuildPhase;
			buildActionMask = 2147483647;
			files = (
				72F342B125D2666F00511D8B /* Tests_macOS.swift in Sources */,
				72F342F225D26F5E00511D8B /* HypedListTabView.swift in Sources */,
			);
			runOnlyForDeploymentPostprocessing = 0;
		};
/* End PBXSourcesBuildPhase section */

/* Begin PBXTargetDependency section */
		72F342A325D2666F00511D8B /* PBXTargetDependency */ = {
			isa = PBXTargetDependency;
			target = 72F3429025D2666F00511D8B /* HypedList (iOS) */;
			targetProxy = 72F342A225D2666F00511D8B /* PBXContainerItemProxy */;
		};
		72F342AE25D2666F00511D8B /* PBXTargetDependency */ = {
			isa = PBXTargetDependency;
			target = 72F3429825D2666F00511D8B /* HypedList (macOS) */;
			targetProxy = 72F342AD25D2666F00511D8B /* PBXContainerItemProxy */;
		};
/* End PBXTargetDependency section */

/* Begin XCBuildConfiguration section */
		72F342BD25D2666F00511D8B /* Debug */ = {
			isa = XCBuildConfiguration;
			buildSettings = {
				ALWAYS_SEARCH_USER_PATHS = NO;
				CLANG_ANALYZER_NONNULL = YES;
				CLANG_ANALYZER_NUMBER_OBJECT_CONVERSION = YES_AGGRESSIVE;
				CLANG_CXX_LANGUAGE_STANDARD = "gnu++14";
				CLANG_CXX_LIBRARY = "libc++";
				CLANG_ENABLE_MODULES = YES;
				CLANG_ENABLE_OBJC_ARC = YES;
				CLANG_ENABLE_OBJC_WEAK = YES;
				CLANG_WARN_BLOCK_CAPTURE_AUTORELEASING = YES;
				CLANG_WARN_BOOL_CONVERSION = YES;
				CLANG_WARN_COMMA = YES;
				CLANG_WARN_CONSTANT_CONVERSION = YES;
				CLANG_WARN_DEPRECATED_OBJC_IMPLEMENTATIONS = YES;
				CLANG_WARN_DIRECT_OBJC_ISA_USAGE = YES_ERROR;
				CLANG_WARN_DOCUMENTATION_COMMENTS = YES;
				CLANG_WARN_EMPTY_BODY = YES;
				CLANG_WARN_ENUM_CONVERSION = YES;
				CLANG_WARN_INFINITE_RECURSION = YES;
				CLANG_WARN_INT_CONVERSION = YES;
				CLANG_WARN_NON_LITERAL_NULL_CONVERSION = YES;
				CLANG_WARN_OBJC_IMPLICIT_RETAIN_SELF = YES;
				CLANG_WARN_OBJC_LITERAL_CONVERSION = YES;
				CLANG_WARN_OBJC_ROOT_CLASS = YES_ERROR;
				CLANG_WARN_QUOTED_INCLUDE_IN_FRAMEWORK_HEADER = YES;
				CLANG_WARN_RANGE_LOOP_ANALYSIS = YES;
				CLANG_WARN_STRICT_PROTOTYPES = YES;
				CLANG_WARN_SUSPICIOUS_MOVE = YES;
				CLANG_WARN_UNGUARDED_AVAILABILITY = YES_AGGRESSIVE;
				CLANG_WARN_UNREACHABLE_CODE = YES;
				CLANG_WARN__DUPLICATE_METHOD_MATCH = YES;
				COPY_PHASE_STRIP = NO;
				DEBUG_INFORMATION_FORMAT = dwarf;
				ENABLE_STRICT_OBJC_MSGSEND = YES;
				ENABLE_TESTABILITY = YES;
				GCC_C_LANGUAGE_STANDARD = gnu11;
				GCC_DYNAMIC_NO_PIC = NO;
				GCC_NO_COMMON_BLOCKS = YES;
				GCC_OPTIMIZATION_LEVEL = 0;
				GCC_PREPROCESSOR_DEFINITIONS = (
					"DEBUG=1",
					"$(inherited)",
				);
				GCC_WARN_64_TO_32_BIT_CONVERSION = YES;
				GCC_WARN_ABOUT_RETURN_TYPE = YES_ERROR;
				GCC_WARN_UNDECLARED_SELECTOR = YES;
				GCC_WARN_UNINITIALIZED_AUTOS = YES_AGGRESSIVE;
				GCC_WARN_UNUSED_FUNCTION = YES;
				GCC_WARN_UNUSED_VARIABLE = YES;
				MTL_ENABLE_DEBUG_INFO = INCLUDE_SOURCE;
				MTL_FAST_MATH = YES;
				ONLY_ACTIVE_ARCH = YES;
				SWIFT_ACTIVE_COMPILATION_CONDITIONS = DEBUG;
				SWIFT_OPTIMIZATION_LEVEL = "-Onone";
			};
			name = Debug;
		};
		72F342BE25D2666F00511D8B /* Release */ = {
			isa = XCBuildConfiguration;
			buildSettings = {
				ALWAYS_SEARCH_USER_PATHS = NO;
				CLANG_ANALYZER_NONNULL = YES;
				CLANG_ANALYZER_NUMBER_OBJECT_CONVERSION = YES_AGGRESSIVE;
				CLANG_CXX_LANGUAGE_STANDARD = "gnu++14";
				CLANG_CXX_LIBRARY = "libc++";
				CLANG_ENABLE_MODULES = YES;
				CLANG_ENABLE_OBJC_ARC = YES;
				CLANG_ENABLE_OBJC_WEAK = YES;
				CLANG_WARN_BLOCK_CAPTURE_AUTORELEASING = YES;
				CLANG_WARN_BOOL_CONVERSION = YES;
				CLANG_WARN_COMMA = YES;
				CLANG_WARN_CONSTANT_CONVERSION = YES;
				CLANG_WARN_DEPRECATED_OBJC_IMPLEMENTATIONS = YES;
				CLANG_WARN_DIRECT_OBJC_ISA_USAGE = YES_ERROR;
				CLANG_WARN_DOCUMENTATION_COMMENTS = YES;
				CLANG_WARN_EMPTY_BODY = YES;
				CLANG_WARN_ENUM_CONVERSION = YES;
				CLANG_WARN_INFINITE_RECURSION = YES;
				CLANG_WARN_INT_CONVERSION = YES;
				CLANG_WARN_NON_LITERAL_NULL_CONVERSION = YES;
				CLANG_WARN_OBJC_IMPLICIT_RETAIN_SELF = YES;
				CLANG_WARN_OBJC_LITERAL_CONVERSION = YES;
				CLANG_WARN_OBJC_ROOT_CLASS = YES_ERROR;
				CLANG_WARN_QUOTED_INCLUDE_IN_FRAMEWORK_HEADER = YES;
				CLANG_WARN_RANGE_LOOP_ANALYSIS = YES;
				CLANG_WARN_STRICT_PROTOTYPES = YES;
				CLANG_WARN_SUSPICIOUS_MOVE = YES;
				CLANG_WARN_UNGUARDED_AVAILABILITY = YES_AGGRESSIVE;
				CLANG_WARN_UNREACHABLE_CODE = YES;
				CLANG_WARN__DUPLICATE_METHOD_MATCH = YES;
				COPY_PHASE_STRIP = NO;
				DEBUG_INFORMATION_FORMAT = "dwarf-with-dsym";
				ENABLE_NS_ASSERTIONS = NO;
				ENABLE_STRICT_OBJC_MSGSEND = YES;
				GCC_C_LANGUAGE_STANDARD = gnu11;
				GCC_NO_COMMON_BLOCKS = YES;
				GCC_WARN_64_TO_32_BIT_CONVERSION = YES;
				GCC_WARN_ABOUT_RETURN_TYPE = YES_ERROR;
				GCC_WARN_UNDECLARED_SELECTOR = YES;
				GCC_WARN_UNINITIALIZED_AUTOS = YES_AGGRESSIVE;
				GCC_WARN_UNUSED_FUNCTION = YES;
				GCC_WARN_UNUSED_VARIABLE = YES;
				MTL_ENABLE_DEBUG_INFO = NO;
				MTL_FAST_MATH = YES;
				SWIFT_COMPILATION_MODE = wholemodule;
				SWIFT_OPTIMIZATION_LEVEL = "-O";
			};
			name = Release;
		};
		72F342C025D2666F00511D8B /* Debug */ = {
			isa = XCBuildConfiguration;
			buildSettings = {
				ASSETCATALOG_COMPILER_APPICON_NAME = AppIcon;
				ASSETCATALOG_COMPILER_GLOBAL_ACCENT_COLOR_NAME = AccentColor;
				CODE_SIGN_STYLE = Automatic;
				DEVELOPMENT_TEAM = H83M7E9Y5U;
				ENABLE_PREVIEWS = YES;
				INFOPLIST_FILE = iOS/Info.plist;
				IPHONEOS_DEPLOYMENT_TARGET = 14.0;
				LD_RUNPATH_SEARCH_PATHS = (
					"$(inherited)",
					"@executable_path/Frameworks",
				);
				PRODUCT_BUNDLE_IDENTIFIER = com.dgflick.HypedList;
				PRODUCT_NAME = HypedList;
				SDKROOT = iphoneos;
				SWIFT_VERSION = 5.0;
				TARGETED_DEVICE_FAMILY = "1,2";
			};
			name = Debug;
		};
		72F342C125D2666F00511D8B /* Release */ = {
			isa = XCBuildConfiguration;
			buildSettings = {
				ASSETCATALOG_COMPILER_APPICON_NAME = AppIcon;
				ASSETCATALOG_COMPILER_GLOBAL_ACCENT_COLOR_NAME = AccentColor;
				CODE_SIGN_STYLE = Automatic;
				DEVELOPMENT_TEAM = H83M7E9Y5U;
				ENABLE_PREVIEWS = YES;
				INFOPLIST_FILE = iOS/Info.plist;
				IPHONEOS_DEPLOYMENT_TARGET = 14.0;
				LD_RUNPATH_SEARCH_PATHS = (
					"$(inherited)",
					"@executable_path/Frameworks",
				);
				PRODUCT_BUNDLE_IDENTIFIER = com.dgflick.HypedList;
				PRODUCT_NAME = HypedList;
				SDKROOT = iphoneos;
				SWIFT_VERSION = 5.0;
				TARGETED_DEVICE_FAMILY = "1,2";
				VALIDATE_PRODUCT = YES;
			};
			name = Release;
		};
		72F342C325D2666F00511D8B /* Debug */ = {
			isa = XCBuildConfiguration;
			buildSettings = {
				ASSETCATALOG_COMPILER_APPICON_NAME = AppIcon;
				ASSETCATALOG_COMPILER_GLOBAL_ACCENT_COLOR_NAME = AccentColor;
				CODE_SIGN_ENTITLEMENTS = macOS/macOS.entitlements;
				CODE_SIGN_STYLE = Automatic;
				COMBINE_HIDPI_IMAGES = YES;
				DEVELOPMENT_TEAM = H83M7E9Y5U;
				ENABLE_HARDENED_RUNTIME = YES;
				ENABLE_PREVIEWS = YES;
				INFOPLIST_FILE = macOS/Info.plist;
				LD_RUNPATH_SEARCH_PATHS = (
					"$(inherited)",
					"@executable_path/../Frameworks",
				);
				MACOSX_DEPLOYMENT_TARGET = 11.0;
				PRODUCT_BUNDLE_IDENTIFIER = com.dgflick.HypedList;
				PRODUCT_NAME = HypedList;
				SDKROOT = macosx;
				SWIFT_VERSION = 5.0;
			};
			name = Debug;
		};
		72F342C425D2666F00511D8B /* Release */ = {
			isa = XCBuildConfiguration;
			buildSettings = {
				ASSETCATALOG_COMPILER_APPICON_NAME = AppIcon;
				ASSETCATALOG_COMPILER_GLOBAL_ACCENT_COLOR_NAME = AccentColor;
				CODE_SIGN_ENTITLEMENTS = macOS/macOS.entitlements;
				CODE_SIGN_STYLE = Automatic;
				COMBINE_HIDPI_IMAGES = YES;
				DEVELOPMENT_TEAM = H83M7E9Y5U;
				ENABLE_HARDENED_RUNTIME = YES;
				ENABLE_PREVIEWS = YES;
				INFOPLIST_FILE = macOS/Info.plist;
				LD_RUNPATH_SEARCH_PATHS = (
					"$(inherited)",
					"@executable_path/../Frameworks",
				);
				MACOSX_DEPLOYMENT_TARGET = 11.0;
				PRODUCT_BUNDLE_IDENTIFIER = com.dgflick.HypedList;
				PRODUCT_NAME = HypedList;
				SDKROOT = macosx;
				SWIFT_VERSION = 5.0;
			};
			name = Release;
		};
		72F342C625D2666F00511D8B /* Debug */ = {
			isa = XCBuildConfiguration;
			buildSettings = {
				ALWAYS_EMBED_SWIFT_STANDARD_LIBRARIES = YES;
				CODE_SIGN_STYLE = Automatic;
				DEVELOPMENT_TEAM = H83M7E9Y5U;
				INFOPLIST_FILE = "Tests iOS/Info.plist";
				IPHONEOS_DEPLOYMENT_TARGET = 14.4;
				LD_RUNPATH_SEARCH_PATHS = (
					"$(inherited)",
					"@executable_path/Frameworks",
					"@loader_path/Frameworks",
				);
				PRODUCT_BUNDLE_IDENTIFIER = "com.dgflick.Tests-iOS";
				PRODUCT_NAME = "$(TARGET_NAME)";
				SDKROOT = iphoneos;
				SWIFT_VERSION = 5.0;
				TARGETED_DEVICE_FAMILY = "1,2";
				TEST_TARGET_NAME = "HypedList (iOS)";
			};
			name = Debug;
		};
		72F342C725D2666F00511D8B /* Release */ = {
			isa = XCBuildConfiguration;
			buildSettings = {
				ALWAYS_EMBED_SWIFT_STANDARD_LIBRARIES = YES;
				CODE_SIGN_STYLE = Automatic;
				DEVELOPMENT_TEAM = H83M7E9Y5U;
				INFOPLIST_FILE = "Tests iOS/Info.plist";
				IPHONEOS_DEPLOYMENT_TARGET = 14.4;
				LD_RUNPATH_SEARCH_PATHS = (
					"$(inherited)",
					"@executable_path/Frameworks",
					"@loader_path/Frameworks",
				);
				PRODUCT_BUNDLE_IDENTIFIER = "com.dgflick.Tests-iOS";
				PRODUCT_NAME = "$(TARGET_NAME)";
				SDKROOT = iphoneos;
				SWIFT_VERSION = 5.0;
				TARGETED_DEVICE_FAMILY = "1,2";
				TEST_TARGET_NAME = "HypedList (iOS)";
				VALIDATE_PRODUCT = YES;
			};
			name = Release;
		};
		72F342C925D2666F00511D8B /* Debug */ = {
			isa = XCBuildConfiguration;
			buildSettings = {
				ALWAYS_EMBED_SWIFT_STANDARD_LIBRARIES = YES;
				CODE_SIGN_STYLE = Automatic;
				COMBINE_HIDPI_IMAGES = YES;
				DEVELOPMENT_TEAM = H83M7E9Y5U;
				INFOPLIST_FILE = "Tests macOS/Info.plist";
				LD_RUNPATH_SEARCH_PATHS = (
					"$(inherited)",
					"@executable_path/../Frameworks",
					"@loader_path/../Frameworks",
				);
				MACOSX_DEPLOYMENT_TARGET = 11.1;
				PRODUCT_BUNDLE_IDENTIFIER = "com.dgflick.Tests-macOS";
				PRODUCT_NAME = "$(TARGET_NAME)";
				SDKROOT = macosx;
				SWIFT_VERSION = 5.0;
				TEST_TARGET_NAME = "HypedList (macOS)";
			};
			name = Debug;
		};
		72F342CA25D2666F00511D8B /* Release */ = {
			isa = XCBuildConfiguration;
			buildSettings = {
				ALWAYS_EMBED_SWIFT_STANDARD_LIBRARIES = YES;
				CODE_SIGN_STYLE = Automatic;
				COMBINE_HIDPI_IMAGES = YES;
				DEVELOPMENT_TEAM = H83M7E9Y5U;
				INFOPLIST_FILE = "Tests macOS/Info.plist";
				LD_RUNPATH_SEARCH_PATHS = (
					"$(inherited)",
					"@executable_path/../Frameworks",
					"@loader_path/../Frameworks",
				);
				MACOSX_DEPLOYMENT_TARGET = 11.1;
				PRODUCT_BUNDLE_IDENTIFIER = "com.dgflick.Tests-macOS";
				PRODUCT_NAME = "$(TARGET_NAME)";
				SDKROOT = macosx;
				SWIFT_VERSION = 5.0;
				TEST_TARGET_NAME = "HypedList (macOS)";
			};
			name = Release;
		};
/* End XCBuildConfiguration section */

/* Begin XCConfigurationList section */
		72F3428525D2666000511D8B /* Build configuration list for PBXProject "HypedList" */ = {
			isa = XCConfigurationList;
			buildConfigurations = (
				72F342BD25D2666F00511D8B /* Debug */,
				72F342BE25D2666F00511D8B /* Release */,
			);
			defaultConfigurationIsVisible = 0;
			defaultConfigurationName = Release;
		};
		72F342BF25D2666F00511D8B /* Build configuration list for PBXNativeTarget "HypedList (iOS)" */ = {
			isa = XCConfigurationList;
			buildConfigurations = (
				72F342C025D2666F00511D8B /* Debug */,
				72F342C125D2666F00511D8B /* Release */,
			);
			defaultConfigurationIsVisible = 0;
			defaultConfigurationName = Release;
		};
		72F342C225D2666F00511D8B /* Build configuration list for PBXNativeTarget "HypedList (macOS)" */ = {
			isa = XCConfigurationList;
			buildConfigurations = (
				72F342C325D2666F00511D8B /* Debug */,
				72F342C425D2666F00511D8B /* Release */,
			);
			defaultConfigurationIsVisible = 0;
			defaultConfigurationName = Release;
		};
		72F342C525D2666F00511D8B /* Build configuration list for PBXNativeTarget "Tests iOS" */ = {
			isa = XCConfigurationList;
			buildConfigurations = (
				72F342C625D2666F00511D8B /* Debug */,
				72F342C725D2666F00511D8B /* Release */,
			);
			defaultConfigurationIsVisible = 0;
			defaultConfigurationName = Release;
		};
		72F342C825D2666F00511D8B /* Build configuration list for PBXNativeTarget "Tests macOS" */ = {
			isa = XCConfigurationList;
			buildConfigurations = (
				72F342C925D2666F00511D8B /* Debug */,
				72F342CA25D2666F00511D8B /* Release */,
			);
			defaultConfigurationIsVisible = 0;
			defaultConfigurationName = Release;
		};
/* End XCConfigurationList section */

/* Begin XCVersionGroup section */
		72F3428725D2666000511D8B /* HypedList.xcdatamodeld */ = {
			isa = XCVersionGroup;
			children = (
				72F3428825D2666000511D8B /* Shared.xcdatamodel */,
			);
			currentVersion = 72F3428825D2666000511D8B /* Shared.xcdatamodel */;
			path = HypedList.xcdatamodeld;
			sourceTree = "<group>";
			versionGroupType = wrapper.xcdatamodel;
		};
/* End XCVersionGroup section */
	};
	rootObject = 72F3428225D2666000511D8B /* Project object */;
}
